
Microsoft Visual Studio Solution File, Format Version 12.00
# Visual Studio Version 17
VisualStudioVersion = 17.7.34003.232
MinimumVisualStudioVersion = 10.0.40219.1
Project("{FAE04EC0-301F-11D3-BF4B-00C04F79EFBC}") = "Sistema-de-Tarjeta-de-Credito", "Sistema-de-Tarjeta-de-Credito.csproj", "{9CDC0EF8-5D6D-418B-827C-19971FD2C649}"
EndProject
Global
	GlobalSection(SolutionConfigurationPlatforms) = preSolution
		Debug|Any CPU = Debug|Any CPU
		Release|Any CPU = Release|Any CPU
	EndGlobalSection
	GlobalSection(ProjectConfigurationPlatforms) = postSolution
		{9CDC0EF8-5D6D-418B-827C-19971FD2C649}.Debug|Any CPU.ActiveCfg = Debug|Any CPU
		{9CDC0EF8-5D6D-418B-827C-19971FD2C649}.Debug|Any CPU.Build.0 = Debug|Any CPU
		{9CDC0EF8-5D6D-418B-827C-19971FD2C649}.Release|Any CPU.ActiveCfg = Release|Any CPU
		{9CDC0EF8-5D6D-418B-827C-19971FD2C649}.Release|Any CPU.Build.0 = Release|Any CPU
	EndGlobalSection
	GlobalSection(SolutionProperties) = preSolution
		HideSolutionNode = FALSE
	EndGlobalSection
	GlobalSection(ExtensibilityGlobals) = postSolution
		SolutionGuid = {03FE44CF-3212-4CFE-8197-8AEDBFD047A5}
	EndGlobalSection
EndGlobal
